
Microsoft Visual Studio Solution File, Format Version 12.00
# Visual Studio Version 17
VisualStudioVersion = 17.9.34723.18
MinimumVisualStudioVersion = 10.0.40219.1
Project("{9A19103F-16F7-4668-BE54-9A1E7A4F7556}") = "JenkinsLab", "JenkinsLab\JenkinsLab.csproj", "{BA2300F2-68E9-41A5-9676-69F7D93089D5}"
EndProject
Project("{E53339B2-1760-4266-BCC7-CA923CBCF16C}") = "docker-compose", "docker-compose.dcproj", "{929C4D4E-B242-41D7-B8D3-58883B6F2839}"
EndProject
Global
	GlobalSection(SolutionConfigurationPlatforms) = preSolution
		Debug|Any CPU = Debug|Any CPU
		Release|Any CPU = Release|Any CPU
	EndGlobalSection
	GlobalSection(ProjectConfigurationPlatforms) = postSolution
		{BA2300F2-68E9-41A5-9676-69F7D93089D5}.Debug|Any CPU.ActiveCfg = Debug|Any CPU
		{BA2300F2-68E9-41A5-9676-69F7D93089D5}.Debug|Any CPU.Build.0 = Debug|Any CPU
		{BA2300F2-68E9-41A5-9676-69F7D93089D5}.Release|Any CPU.ActiveCfg = Release|Any CPU
		{BA2300F2-68E9-41A5-9676-69F7D93089D5}.Release|Any CPU.Build.0 = Release|Any CPU
		{929C4D4E-B242-41D7-B8D3-58883B6F2839}.Debug|Any CPU.ActiveCfg = Debug|Any CPU
		{929C4D4E-B242-41D7-B8D3-58883B6F2839}.Debug|Any CPU.Build.0 = Debug|Any CPU
		{929C4D4E-B242-41D7-B8D3-58883B6F2839}.Release|Any CPU.ActiveCfg = Release|Any CPU
		{929C4D4E-B242-41D7-B8D3-58883B6F2839}.Release|Any CPU.Build.0 = Release|Any CPU
	EndGlobalSection
	GlobalSection(SolutionProperties) = preSolution
		HideSolutionNode = FALSE
	EndGlobalSection
	GlobalSection(ExtensibilityGlobals) = postSolution
		SolutionGuid = {011DF070-F8D0-46A0-8F73-60479CCA1DDC}
	EndGlobalSection
EndGlobal
